
Microsoft Visual Studio Solution File, Format Version 12.00
# Visual Studio Version 16
VisualStudioVersion = 16.0.29519.181
MinimumVisualStudioVersion = 10.0.40219.1
Project("{9A19103F-16F7-4668-BE54-9A1E7A4F7556}") = "DayOne", "DayOne\DayOne.csproj", "{01DF0E12-34B4-4039-B3EC-79C8E9387953}"
EndProject
Project("{FAE04EC0-301F-11D3-BF4B-00C04F79EFBC}") = "DayTwo", "DayTwo\DayTwo.csproj", "{B570BFDC-3BFB-4622-808D-42FF1DAB9A64}"
EndProject
Global
	GlobalSection(SolutionConfigurationPlatforms) = preSolution
		Debug|Any CPU = Debug|Any CPU
		Release|Any CPU = Release|Any CPU
	EndGlobalSection
	GlobalSection(ProjectConfigurationPlatforms) = postSolution
		{01DF0E12-34B4-4039-B3EC-79C8E9387953}.Debug|Any CPU.ActiveCfg = Debug|Any CPU
		{01DF0E12-34B4-4039-B3EC-79C8E9387953}.Debug|Any CPU.Build.0 = Debug|Any CPU
		{01DF0E12-34B4-4039-B3EC-79C8E9387953}.Release|Any CPU.ActiveCfg = Release|Any CPU
		{01DF0E12-34B4-4039-B3EC-79C8E9387953}.Release|Any CPU.Build.0 = Release|Any CPU
		{B570BFDC-3BFB-4622-808D-42FF1DAB9A64}.Debug|Any CPU.ActiveCfg = Debug|Any CPU
		{B570BFDC-3BFB-4622-808D-42FF1DAB9A64}.Debug|Any CPU.Build.0 = Debug|Any CPU
		{B570BFDC-3BFB-4622-808D-42FF1DAB9A64}.Release|Any CPU.ActiveCfg = Release|Any CPU
		{B570BFDC-3BFB-4622-808D-42FF1DAB9A64}.Release|Any CPU.Build.0 = Release|Any CPU
	EndGlobalSection
	GlobalSection(SolutionProperties) = preSolution
		HideSolutionNode = FALSE
	EndGlobalSection
	GlobalSection(ExtensibilityGlobals) = postSolution
		SolutionGuid = {EE76FC9A-DAA7-4C60-B9E8-1C52C54F4C14}
	EndGlobalSection
EndGlobal
